name: pr-unlock

on:
    pull_request:
        types: [closed, unlabeled]

permissions:
    contents: write

jobs:
    shared-pr-unlock:
        uses: wislertt/zerv/.github/workflows/shared-pr-unlock.yml@677008dc5da55e6a4d0bfb0c538340aa037d98ef # v0.8.38
        with:
            environments: '["d", "n", "p"]'
            deploy_label_prefix: "deploy-"
