name: pr-unlock

on:
    pull_request:
        types: [closed, unlabeled]

permissions:
    contents: write

jobs:
    shared-pr-unlock:
        uses: wislertt/zerv/.github/workflows/shared-pr-unlock.yml@4e07834ce6310725d6286cdb1672baea5134fe92 # v0.8.32
        with:
            environments: '["d", "n", "p"]'
            deploy_label_prefix: "deploy-"
